
Microsoft Visual Studio Solution File, Format Version 12.00
# Visual Studio Version 17
VisualStudioVersion = 17.0.31903.59
MinimumVisualStudioVersion = 10.0.40219.1
Project("{2150E333-8FDC-42A3-9474-1A3956D46DE8}") = "src", "src", "{827E0CD3-B72D-47B6-A68D-7590B98EB39B}"
EndProject
Project("{FAE04EC0-301F-11D3-BF4B-00C04F79EFBC}") = "StudyPlannerAgent.Domain", "src\StudyPlannerAgent.Domain\StudyPlannerAgent.Domain.csproj", "{0F46025B-D55E-4BF5-86D9-B353461CF911}"
EndProject
Project("{FAE04EC0-301F-11D3-BF4B-00C04F79EFBC}") = "StudyPlannerAgent.Application", "src\StudyPlannerAgent.Application\StudyPlannerAgent.Application.csproj", "{126932E6-565B-4D90-968F-48BB873BD3F5}"
EndProject
Project("{FAE04EC0-301F-11D3-BF4B-00C04F79EFBC}") = "StudyPlannerAgent.Infrastructure", "src\StudyPlannerAgent.Infrastructure\StudyPlannerAgent.Infrastructure.csproj", "{D99CAA58-9AE3-4D65-B38B-6B6CDE325F68}"
EndProject
Project("{FAE04EC0-301F-11D3-BF4B-00C04F79EFBC}") = "StudyPlannerAgent.Api", "src\StudyPlannerAgent.Api\StudyPlannerAgent.Api.csproj", "{3F3EF357-5D3F-48B0-B531-7396671F44D7}"
EndProject
Project("{FAE04EC0-301F-11D3-BF4B-00C04F79EFBC}") = "StudyPlannerAgent.McpServer", "src\StudyPlannerAgent.McpServer\StudyPlannerAgent.McpServer.csproj", "{399DD121-4151-479B-B46B-7F2C6FA75FD5}"
EndProject
Global
	GlobalSection(SolutionConfigurationPlatforms) = preSolution
		Debug|Any CPU = Debug|Any CPU
		Debug|x64 = Debug|x64
		Debug|x86 = Debug|x86
		Release|Any CPU = Release|Any CPU
		Release|x64 = Release|x64
		Release|x86 = Release|x86
	EndGlobalSection
	GlobalSection(ProjectConfigurationPlatforms) = postSolution
		{0F46025B-D55E-4BF5-86D9-B353461CF911}.Debug|Any CPU.ActiveCfg = Debug|Any CPU
		{0F46025B-D55E-4BF5-86D9-B353461CF911}.Debug|Any CPU.Build.0 = Debug|Any CPU
		{0F46025B-D55E-4BF5-86D9-B353461CF911}.Debug|x64.ActiveCfg = Debug|Any CPU
		{0F46025B-D55E-4BF5-86D9-B353461CF911}.Debug|x64.Build.0 = Debug|Any CPU
		{0F46025B-D55E-4BF5-86D9-B353461CF911}.Debug|x86.ActiveCfg = Debug|Any CPU
		{0F46025B-D55E-4BF5-86D9-B353461CF911}.Debug|x86.Build.0 = Debug|Any CPU
		{0F46025B-D55E-4BF5-86D9-B353461CF911}.Release|Any CPU.ActiveCfg = Release|Any CPU
		{0F46025B-D55E-4BF5-86D9-B353461CF911}.Release|Any CPU.Build.0 = Release|Any CPU
		{0F46025B-D55E-4BF5-86D9-B353461CF911}.Release|x64.ActiveCfg = Release|Any CPU
		{0F46025B-D55E-4BF5-86D9-B353461CF911}.Release|x64.Build.0 = Release|Any CPU
		{0F46025B-D55E-4BF5-86D9-B353461CF911}.Release|x86.ActiveCfg = Release|Any CPU
		{0F46025B-D55E-4BF5-86D9-B353461CF911}.Release|x86.Build.0 = Release|Any CPU
		{126932E6-565B-4D90-968F-48BB873BD3F5}.Debug|Any CPU.ActiveCfg = Debug|Any CPU
		{126932E6-565B-4D90-968F-48BB873BD3F5}.Debug|Any CPU.Build.0 = Debug|Any CPU
		{126932E6-565B-4D90-968F-48BB873BD3F5}.Debug|x64.ActiveCfg = Debug|Any CPU
		{126932E6-565B-4D90-968F-48BB873BD3F5}.Debug|x64.Build.0 = Debug|Any CPU
		{126932E6-565B-4D90-968F-48BB873BD3F5}.Debug|x86.ActiveCfg = Debug|Any CPU
		{126932E6-565B-4D90-968F-48BB873BD3F5}.Debug|x86.Build.0 = Debug|Any CPU
		{126932E6-565B-4D90-968F-48BB873BD3F5}.Release|Any CPU.ActiveCfg = Release|Any CPU
		{126932E6-565B-4D90-968F-48BB873BD3F5}.Release|Any CPU.Build.0 = Release|Any CPU
		{126932E6-565B-4D90-968F-48BB873BD3F5}.Release|x64.ActiveCfg = Release|Any CPU
		{126932E6-565B-4D90-968F-48BB873BD3F5}.Release|x64.Build.0 = Release|Any CPU
		{126932E6-565B-4D90-968F-48BB873BD3F5}.Release|x86.ActiveCfg = Release|Any CPU
		{126932E6-565B-4D90-968F-48BB873BD3F5}.Release|x86.Build.0 = Release|Any CPU
		{D99CAA58-9AE3-4D65-B38B-6B6CDE325F68}.Debug|Any CPU.ActiveCfg = Debug|Any CPU
		{D99CAA58-9AE3-4D65-B38B-6B6CDE325F68}.Debug|Any CPU.Build.0 = Debug|Any CPU
		{D99CAA58-9AE3-4D65-B38B-6B6CDE325F68}.Debug|x64.ActiveCfg = Debug|Any CPU
		{D99CAA58-9AE3-4D65-B38B-6B6CDE325F68}.Debug|x64.Build.0 = Debug|Any CPU
		{D99CAA58-9AE3-4D65-B38B-6B6CDE325F68}.Debug|x86.ActiveCfg = Debug|Any CPU
		{D99CAA58-9AE3-4D65-B38B-6B6CDE325F68}.Debug|x86.Build.0 = Debug|Any CPU
		{D99CAA58-9AE3-4D65-B38B-6B6CDE325F68}.Release|Any CPU.ActiveCfg = Release|Any CPU
		{D99CAA58-9AE3-4D65-B38B-6B6CDE325F68}.Release|Any CPU.Build.0 = Release|Any CPU
		{D99CAA58-9AE3-4D65-B38B-6B6CDE325F68}.Release|x64.ActiveCfg = Release|Any CPU
		{D99CAA58-9AE3-4D65-B38B-6B6CDE325F68}.Release|x64.Build.0 = Release|Any CPU
		{D99CAA58-9AE3-4D65-B38B-6B6CDE325F68}.Release|x86.ActiveCfg = Release|Any CPU
		{D99CAA58-9AE3-4D65-B38B-6B6CDE325F68}.Release|x86.Build.0 = Release|Any CPU
		{3F3EF357-5D3F-48B0-B531-7396671F44D7}.Debug|Any CPU.ActiveCfg = Debug|Any CPU
		{3F3EF357-5D3F-48B0-B531-7396671F44D7}.Debug|Any CPU.Build.0 = Debug|Any CPU
		{3F3EF357-5D3F-48B0-B531-7396671F44D7}.Debug|x64.ActiveCfg = Debug|Any CPU
		{3F3EF357-5D3F-48B0-B531-7396671F44D7}.Debug|x64.Build.0 = Debug|Any CPU
		{3F3EF357-5D3F-48B0-B531-7396671F44D7}.Debug|x86.ActiveCfg = Debug|Any CPU
		{3F3EF357-5D3F-48B0-B531-7396671F44D7}.Debug|x86.Build.0 = Debug|Any CPU
		{3F3EF357-5D3F-48B0-B531-7396671F44D7}.Release|Any CPU.ActiveCfg = Release|Any CPU
		{3F3EF357-5D3F-48B0-B531-7396671F44D7}.Release|Any CPU.Build.0 = Release|Any CPU
		{3F3EF357-5D3F-48B0-B531-7396671F44D7}.Release|x64.ActiveCfg = Release|Any CPU
		{3F3EF357-5D3F-48B0-B531-7396671F44D7}.Release|x64.Build.0 = Release|Any CPU
		{3F3EF357-5D3F-48B0-B531-7396671F44D7}.Release|x86.ActiveCfg = Release|Any CPU
		{3F3EF357-5D3F-48B0-B531-7396671F44D7}.Release|x86.Build.0 = Release|Any CPU
		{399DD121-4151-479B-B46B-7F2C6FA75FD5}.Debug|Any CPU.ActiveCfg = Debug|Any CPU
		{399DD121-4151-479B-B46B-7F2C6FA75FD5}.Debug|Any CPU.Build.0 = Debug|Any CPU
		{399DD121-4151-479B-B46B-7F2C6FA75FD5}.Debug|x64.ActiveCfg = Debug|Any CPU
		{399DD121-4151-479B-B46B-7F2C6FA75FD5}.Debug|x64.Build.0 = Debug|Any CPU
		{399DD121-4151-479B-B46B-7F2C6FA75FD5}.Debug|x86.ActiveCfg = Debug|Any CPU
		{399DD121-4151-479B-B46B-7F2C6FA75FD5}.Debug|x86.Build.0 = Debug|Any CPU
		{399DD121-4151-479B-B46B-7F2C6FA75FD5}.Release|Any CPU.ActiveCfg = Release|Any CPU
		{399DD121-4151-479B-B46B-7F2C6FA75FD5}.Release|Any CPU.Build.0 = Release|Any CPU
		{399DD121-4151-479B-B46B-7F2C6FA75FD5}.Release|x64.ActiveCfg = Release|Any CPU
		{399DD121-4151-479B-B46B-7F2C6FA75FD5}.Release|x64.Build.0 = Release|Any CPU
		{399DD121-4151-479B-B46B-7F2C6FA75FD5}.Release|x86.ActiveCfg = Release|Any CPU
		{399DD121-4151-479B-B46B-7F2C6FA75FD5}.Release|x86.Build.0 = Release|Any CPU
	EndGlobalSection
	GlobalSection(SolutionProperties) = preSolution
		HideSolutionNode = FALSE
	EndGlobalSection
	GlobalSection(NestedProjects) = preSolution
		{0F46025B-D55E-4BF5-86D9-B353461CF911} = {827E0CD3-B72D-47B6-A68D-7590B98EB39B}
		{126932E6-565B-4D90-968F-48BB873BD3F5} = {827E0CD3-B72D-47B6-A68D-7590B98EB39B}
		{D99CAA58-9AE3-4D65-B38B-6B6CDE325F68} = {827E0CD3-B72D-47B6-A68D-7590B98EB39B}
		{3F3EF357-5D3F-48B0-B531-7396671F44D7} = {827E0CD3-B72D-47B6-A68D-7590B98EB39B}
		{399DD121-4151-479B-B46B-7F2C6FA75FD5} = {827E0CD3-B72D-47B6-A68D-7590B98EB39B}
	EndGlobalSection
EndGlobal
